
Microsoft Visual Studio Solution File, Format Version 12.00
# Visual Studio Version 17
VisualStudioVersion = 17.14.36414.22 d17.14
MinimumVisualStudioVersion = 10.0.40219.1
Project("{FAE04EC0-301F-11D3-BF4B-00C04F79EFBC}") = "GameCapturePlayer", "GameCapturePlayer.csproj", "{99B9D966-6B57-ED60-DBC4-DB1367C39D6E}"
EndProject
Global
	GlobalSection(SolutionConfigurationPlatforms) = preSolution
		Debug|Any CPU = Debug|Any CPU
		Release|Any CPU = Release|Any CPU
	EndGlobalSection
	GlobalSection(ProjectConfigurationPlatforms) = postSolution
		{99B9D966-6B57-ED60-DBC4-DB1367C39D6E}.Debug|Any CPU.ActiveCfg = Debug|Any CPU
		{99B9D966-6B57-ED60-DBC4-DB1367C39D6E}.Debug|Any CPU.Build.0 = Debug|Any CPU
		{99B9D966-6B57-ED60-DBC4-DB1367C39D6E}.Release|Any CPU.ActiveCfg = Release|Any CPU
		{99B9D966-6B57-ED60-DBC4-DB1367C39D6E}.Release|Any CPU.Build.0 = Release|Any CPU
	EndGlobalSection
	GlobalSection(SolutionProperties) = preSolution
		HideSolutionNode = FALSE
	EndGlobalSection
	GlobalSection(ExtensibilityGlobals) = postSolution
		SolutionGuid = {84A0C344-A299-4256-8E40-A98F6C40DEFB}
	EndGlobalSection
EndGlobal
